Microsoft Visual Studio Solution File, Format Version 11.00
# Visual Studio 2008

Project("{1BAC110E-64B7-5A80-341D-CDDCDDAF65C8}") = "Roll-a-Ball Project", "Assembly-CSharp.csproj", "{FD2866AE-6892-EC85-3399-A6C4D1DA56E6}"
EndProject
Global
	GlobalSection(SolutionConfigurationPlatforms) = preSolution
		Debug|Any CPU = Debug|Any CPU
		Release|Any CPU = Release|Any CPU
	EndGlobalSection
	GlobalSection(ProjectConfigurationPlatforms) = postSolution
		{FD2866AE-6892-EC85-3399-A6C4D1DA56E6}.Debug|Any CPU.ActiveCfg = Debug|Any CPU
		{FD2866AE-6892-EC85-3399-A6C4D1DA56E6}.Debug|Any CPU.Build.0 = Debug|Any CPU
		{FD2866AE-6892-EC85-3399-A6C4D1DA56E6}.Release|Any CPU.ActiveCfg = Release|Any CPU
		{FD2866AE-6892-EC85-3399-A6C4D1DA56E6}.Release|Any CPU.Build.0 = Release|Any CPU
	EndGlobalSection
	GlobalSection(SolutionProperties) = preSolution
		HideSolutionNode = FALSE
	EndGlobalSection
	GlobalSection(MonoDevelopProperties) = preSolution
		StartupItem = Assembly-CSharp.csproj
	EndGlobalSection
EndGlobal
